
Microsoft Visual Studio Solution File, Format Version 12.00
# Visual Studio 14
VisualStudioVersion = 14.0.25420.1
MinimumVisualStudioVersion = 10.0.40219.1
Project("{FAE04EC0-301F-11D3-BF4B-00C04F79EFBC}") = "Bilingua", "Bilingua\Bilingua.csproj", "{4377D81E-3D76-41D3-8FDC-12EEC6D96291}"
EndProject
Project("{FAE04EC0-301F-11D3-BF4B-00C04F79EFBC}") = "Bilingua.Tests", "Bilingua.Tests\Bilingua.Tests.csproj", "{28B55B09-D416-4A46-B0BB-4A50EBEE6023}"
EndProject
Global
	GlobalSection(SolutionConfigurationPlatforms) = preSolution
		Debug|Any CPU = Debug|Any CPU
		Release|Any CPU = Release|Any CPU
	EndGlobalSection
	GlobalSection(ProjectConfigurationPlatforms) = postSolution
		{4377D81E-3D76-41D3-8FDC-12EEC6D96291}.Debug|Any CPU.ActiveCfg = Debug|Any CPU
		{4377D81E-3D76-41D3-8FDC-12EEC6D96291}.Debug|Any CPU.Build.0 = Debug|Any CPU
		{4377D81E-3D76-41D3-8FDC-12EEC6D96291}.Release|Any CPU.ActiveCfg = Release|Any CPU
		{4377D81E-3D76-41D3-8FDC-12EEC6D96291}.Release|Any CPU.Build.0 = Release|Any CPU
		{28B55B09-D416-4A46-B0BB-4A50EBEE6023}.Debug|Any CPU.ActiveCfg = Debug|Any CPU
		{28B55B09-D416-4A46-B0BB-4A50EBEE6023}.Debug|Any CPU.Build.0 = Debug|Any CPU
		{28B55B09-D416-4A46-B0BB-4A50EBEE6023}.Release|Any CPU.ActiveCfg = Release|Any CPU
		{28B55B09-D416-4A46-B0BB-4A50EBEE6023}.Release|Any CPU.Build.0 = Release|Any CPU
	EndGlobalSection
	GlobalSection(SolutionProperties) = preSolution
		HideSolutionNode = FALSE
	EndGlobalSection
EndGlobal
